
Microsoft Visual Studio Solution File, Format Version 12.00
# Visual Studio Version 17
VisualStudioVersion = 17.0.31903.59
MinimumVisualStudioVersion = 10.0.40219.1
Project("{FAE04EC0-301F-11D3-BF4B-00C04F79EFBC}") = "CollectionApp", "CollectionApp\CollectionApp.csproj", "{14747614-0DB4-4B84-B9E9-B482C1A6D38C}"
EndProject
Project("{FAE04EC0-301F-11D3-BF4B-00C04F79EFBC}") = "ExtensionApp", "ExtensionApp\ExtensionApp.csproj", "{94DCC03A-F5B8-431A-AA01-3047155F0531}"
EndProject
Global
	GlobalSection(SolutionConfigurationPlatforms) = preSolution
		Debug|Any CPU = Debug|Any CPU
		Release|Any CPU = Release|Any CPU
	EndGlobalSection
	GlobalSection(SolutionProperties) = preSolution
		HideSolutionNode = FALSE
	EndGlobalSection
	GlobalSection(ProjectConfigurationPlatforms) = postSolution
		{14747614-0DB4-4B84-B9E9-B482C1A6D38C}.Debug|Any CPU.ActiveCfg = Debug|Any CPU
		{14747614-0DB4-4B84-B9E9-B482C1A6D38C}.Debug|Any CPU.Build.0 = Debug|Any CPU
		{14747614-0DB4-4B84-B9E9-B482C1A6D38C}.Release|Any CPU.ActiveCfg = Release|Any CPU
		{14747614-0DB4-4B84-B9E9-B482C1A6D38C}.Release|Any CPU.Build.0 = Release|Any CPU
		{94DCC03A-F5B8-431A-AA01-3047155F0531}.Debug|Any CPU.ActiveCfg = Debug|Any CPU
		{94DCC03A-F5B8-431A-AA01-3047155F0531}.Debug|Any CPU.Build.0 = Debug|Any CPU
		{94DCC03A-F5B8-431A-AA01-3047155F0531}.Release|Any CPU.ActiveCfg = Release|Any CPU
		{94DCC03A-F5B8-431A-AA01-3047155F0531}.Release|Any CPU.Build.0 = Release|Any CPU
	EndGlobalSection
EndGlobal
