
Microsoft Visual Studio Solution File, Format Version 12.00
# Visual Studio Version 17
VisualStudioVersion = 17.0.31903.59
MinimumVisualStudioVersion = 10.0.40219.1
Project("{FAE04EC0-301F-11D3-BF4B-00C04F79EFBC}") = "Test", "Test\Test.csproj", "{5ABEEC7F-2B3D-4F0F-87DD-B6A8C0A2B040}"
EndProject
Project("{FAE04EC0-301F-11D3-BF4B-00C04F79EFBC}") = "Drawing", "Drawing\Drawing.csproj", "{7277A38A-6EED-417D-A946-B5C21CF194C2}"
EndProject
Project("{FAE04EC0-301F-11D3-BF4B-00C04F79EFBC}") = "OrderProcessing", "OrderProcessing\OrderProcessing.csproj", "{B6D3FD77-8836-43A6-8A67-68EDD88FA640}"
EndProject
Global
	GlobalSection(SolutionConfigurationPlatforms) = preSolution
		Debug|Any CPU = Debug|Any CPU
		Release|Any CPU = Release|Any CPU
	EndGlobalSection
	GlobalSection(SolutionProperties) = preSolution
		HideSolutionNode = FALSE
	EndGlobalSection
	GlobalSection(ProjectConfigurationPlatforms) = postSolution
		{5ABEEC7F-2B3D-4F0F-87DD-B6A8C0A2B040}.Debug|Any CPU.ActiveCfg = Debug|Any CPU
		{5ABEEC7F-2B3D-4F0F-87DD-B6A8C0A2B040}.Debug|Any CPU.Build.0 = Debug|Any CPU
		{5ABEEC7F-2B3D-4F0F-87DD-B6A8C0A2B040}.Release|Any CPU.ActiveCfg = Release|Any CPU
		{5ABEEC7F-2B3D-4F0F-87DD-B6A8C0A2B040}.Release|Any CPU.Build.0 = Release|Any CPU
		{7277A38A-6EED-417D-A946-B5C21CF194C2}.Debug|Any CPU.ActiveCfg = Debug|Any CPU
		{7277A38A-6EED-417D-A946-B5C21CF194C2}.Debug|Any CPU.Build.0 = Debug|Any CPU
		{7277A38A-6EED-417D-A946-B5C21CF194C2}.Release|Any CPU.ActiveCfg = Release|Any CPU
		{7277A38A-6EED-417D-A946-B5C21CF194C2}.Release|Any CPU.Build.0 = Release|Any CPU
		{B6D3FD77-8836-43A6-8A67-68EDD88FA640}.Debug|Any CPU.ActiveCfg = Debug|Any CPU
		{B6D3FD77-8836-43A6-8A67-68EDD88FA640}.Debug|Any CPU.Build.0 = Debug|Any CPU
		{B6D3FD77-8836-43A6-8A67-68EDD88FA640}.Release|Any CPU.ActiveCfg = Release|Any CPU
		{B6D3FD77-8836-43A6-8A67-68EDD88FA640}.Release|Any CPU.Build.0 = Release|Any CPU
	EndGlobalSection
EndGlobal
