
Microsoft Visual Studio Solution File, Format Version 12.00
# Visual Studio Version 17
VisualStudioVersion = 17.0.31903.59
MinimumVisualStudioVersion = 10.0.40219.1
Project("{FAE04EC0-301F-11D3-BF4B-00C04F79EFBC}") = "HellowWorldApp", "HellowWorldApp\HellowWorldApp.csproj", "{F51F5ADC-F3AF-4138-847B-3CF8A8D5C502}"
EndProject
Project("{FAE04EC0-301F-11D3-BF4B-00C04F79EFBC}") = "TFLStore", "TFLStore\TFLStore.csproj", "{5F3CEC6D-F11E-4828-B52E-B567990DDBF7}"
EndProject
Global
	GlobalSection(SolutionConfigurationPlatforms) = preSolution
		Debug|Any CPU = Debug|Any CPU
		Release|Any CPU = Release|Any CPU
	EndGlobalSection
	GlobalSection(SolutionProperties) = preSolution
		HideSolutionNode = FALSE
	EndGlobalSection
	GlobalSection(ProjectConfigurationPlatforms) = postSolution
		{F51F5ADC-F3AF-4138-847B-3CF8A8D5C502}.Debug|Any CPU.ActiveCfg = Debug|Any CPU
		{F51F5ADC-F3AF-4138-847B-3CF8A8D5C502}.Debug|Any CPU.Build.0 = Debug|Any CPU
		{F51F5ADC-F3AF-4138-847B-3CF8A8D5C502}.Release|Any CPU.ActiveCfg = Release|Any CPU
		{F51F5ADC-F3AF-4138-847B-3CF8A8D5C502}.Release|Any CPU.Build.0 = Release|Any CPU
		{5F3CEC6D-F11E-4828-B52E-B567990DDBF7}.Debug|Any CPU.ActiveCfg = Debug|Any CPU
		{5F3CEC6D-F11E-4828-B52E-B567990DDBF7}.Debug|Any CPU.Build.0 = Debug|Any CPU
		{5F3CEC6D-F11E-4828-B52E-B567990DDBF7}.Release|Any CPU.ActiveCfg = Release|Any CPU
		{5F3CEC6D-F11E-4828-B52E-B567990DDBF7}.Release|Any CPU.Build.0 = Release|Any CPU
	EndGlobalSection
EndGlobal
